
Microsoft Visual Studio Solution File, Format Version 12.00
# Visual Studio Version 17
VisualStudioVersion = 17.4.33213.308
MinimumVisualStudioVersion = 10.0.40219.1
Project("{FAE04EC0-301F-11D3-BF4B-00C04F79EFBC}") = "LB2", "LB2.csproj", "{ED16704E-3831-4835-ABA3-EFD04861BAB7}"
EndProject
Global
	GlobalSection(SolutionConfigurationPlatforms) = preSolution
		Debug|Any CPU = Debug|Any CPU
		Release|Any CPU = Release|Any CPU
	EndGlobalSection
	GlobalSection(ProjectConfigurationPlatforms) = postSolution
		{ED16704E-3831-4835-ABA3-EFD04861BAB7}.Debug|Any CPU.ActiveCfg = Debug|Any CPU
		{ED16704E-3831-4835-ABA3-EFD04861BAB7}.Debug|Any CPU.Build.0 = Debug|Any CPU
		{ED16704E-3831-4835-ABA3-EFD04861BAB7}.Release|Any CPU.ActiveCfg = Release|Any CPU
		{ED16704E-3831-4835-ABA3-EFD04861BAB7}.Release|Any CPU.Build.0 = Release|Any CPU
	EndGlobalSection
	GlobalSection(SolutionProperties) = preSolution
		HideSolutionNode = FALSE
	EndGlobalSection
	GlobalSection(ExtensibilityGlobals) = postSolution
		SolutionGuid = {A2306E3B-EBC2-4349-A122-304270DB672F}
	EndGlobalSection
EndGlobal
